
Microsoft Visual Studio Solution File, Format Version 11.00
# Visual Studio 2010
Project("{FAE04EC0-301F-11D3-BF4B-00C04F79EFBC}") = "TappyPlane", "Assembly-CSharp-firstpass.csproj", "{835344B5-D482-29B1-1E0D-943F475887E4}"
EndProject
Project("{FAE04EC0-301F-11D3-BF4B-00C04F79EFBC}") = "TappyPlane", "Assembly-CSharp.csproj", "{FCF3EBED-1117-7C63-5D4A-C0589384D5DC}"
EndProject
Project("{FAE04EC0-301F-11D3-BF4B-00C04F79EFBC}") = "TappyPlane", "Assembly-CSharp-Editor.csproj", "{DCB45D98-5928-650C-AB8A-A01FDDBF8AC3}"
EndProject
Global
	GlobalSection(SolutionConfigurationPlatforms) = preSolution
		Debug|Any CPU = Debug|Any CPU
		Release|Any CPU = Release|Any CPU
	EndGlobalSection
	GlobalSection(ProjectConfigurationPlatforms) = postSolution
		{835344B5-D482-29B1-1E0D-943F475887E4}.Debug|Any CPU.ActiveCfg = Debug|Any CPU
		{835344B5-D482-29B1-1E0D-943F475887E4}.Debug|Any CPU.Build.0 = Debug|Any CPU
		{835344B5-D482-29B1-1E0D-943F475887E4}.Release|Any CPU.ActiveCfg = Release|Any CPU
		{835344B5-D482-29B1-1E0D-943F475887E4}.Release|Any CPU.Build.0 = Release|Any CPU
		{FCF3EBED-1117-7C63-5D4A-C0589384D5DC}.Debug|Any CPU.ActiveCfg = Debug|Any CPU
		{FCF3EBED-1117-7C63-5D4A-C0589384D5DC}.Debug|Any CPU.Build.0 = Debug|Any CPU
		{FCF3EBED-1117-7C63-5D4A-C0589384D5DC}.Release|Any CPU.ActiveCfg = Release|Any CPU
		{FCF3EBED-1117-7C63-5D4A-C0589384D5DC}.Release|Any CPU.Build.0 = Release|Any CPU
		{DCB45D98-5928-650C-AB8A-A01FDDBF8AC3}.Debug|Any CPU.ActiveCfg = Debug|Any CPU
		{DCB45D98-5928-650C-AB8A-A01FDDBF8AC3}.Debug|Any CPU.Build.0 = Debug|Any CPU
		{DCB45D98-5928-650C-AB8A-A01FDDBF8AC3}.Release|Any CPU.ActiveCfg = Release|Any CPU
		{DCB45D98-5928-650C-AB8A-A01FDDBF8AC3}.Release|Any CPU.Build.0 = Release|Any CPU
	EndGlobalSection
	GlobalSection(SolutionProperties) = preSolution
		HideSolutionNode = FALSE
	EndGlobalSection
	GlobalSection(MonoDevelopProperties) = preSolution
		StartupItem = Assembly-CSharp.csproj
	EndGlobalSection
EndGlobal
